
Microsoft Visual Studio Solution File, Format Version 12.00
# Visual Studio Version 16
VisualStudioVersion = 16.0.31112.23
MinimumVisualStudioVersion = 10.0.40219.1
Project("{FAE04EC0-301F-11D3-BF4B-00C04F79EFBC}") = "DesignPattern_Flyweight", "DesignPattern_Flyweight\DesignPattern_Flyweight.csproj", "{36182314-CC15-4BB7-8797-0EE423FCFD5A}"
EndProject
Global
	GlobalSection(SolutionConfigurationPlatforms) = preSolution
		Debug|Any CPU = Debug|Any CPU
		Release|Any CPU = Release|Any CPU
	EndGlobalSection
	GlobalSection(ProjectConfigurationPlatforms) = postSolution
		{36182314-CC15-4BB7-8797-0EE423FCFD5A}.Debug|Any CPU.ActiveCfg = Debug|Any CPU
		{36182314-CC15-4BB7-8797-0EE423FCFD5A}.Debug|Any CPU.Build.0 = Debug|Any CPU
		{36182314-CC15-4BB7-8797-0EE423FCFD5A}.Release|Any CPU.ActiveCfg = Release|Any CPU
		{36182314-CC15-4BB7-8797-0EE423FCFD5A}.Release|Any CPU.Build.0 = Release|Any CPU
	EndGlobalSection
	GlobalSection(SolutionProperties) = preSolution
		HideSolutionNode = FALSE
	EndGlobalSection
	GlobalSection(ExtensibilityGlobals) = postSolution
		SolutionGuid = {737D4F56-58FB-4F3B-9B2E-CAF582102A55}
	EndGlobalSection
EndGlobal
